
Microsoft Visual Studio Solution File, Format Version 12.00
# Visual Studio 15
VisualStudioVersion = 15.0.28307.1705
MinimumVisualStudioVersion = 10.0.40219.1
Project("{159641D6-6404-4A2A-AE62-294DE0FE8301}") = "SSISPaketa_GRIDDABN", "SSISPaketa_GRIDDABN\SSISPaketa_GRIDDABN.dtproj", "{40009AF8-B7A1-42C1-8870-F2C8B7C16C00}"
EndProject
Global
	GlobalSection(SolutionConfigurationPlatforms) = preSolution
		Development|Default = Development|Default
	EndGlobalSection
	GlobalSection(ProjectConfigurationPlatforms) = postSolution
		{40009AF8-B7A1-42C1-8870-F2C8B7C16C00}.Development|Default.ActiveCfg = Development
		{40009AF8-B7A1-42C1-8870-F2C8B7C16C00}.Development|Default.Build.0 = Development
	EndGlobalSection
	GlobalSection(SolutionProperties) = preSolution
		HideSolutionNode = FALSE
	EndGlobalSection
	GlobalSection(ExtensibilityGlobals) = postSolution
		SolutionGuid = {D7239789-A473-4D27-899F-070EEA99D865}
	EndGlobalSection
EndGlobal
