
Microsoft Visual Studio Solution File, Format Version 12.00
# Visual Studio 15
VisualStudioVersion = 15.0.28307.1705
MinimumVisualStudioVersion = 10.0.40219.1
Project("{D2ABAB84-BF74-430A-B69E-9DC6D40DDA17}") = "SSASRaportDinamikMultidimensional_ GRIDDABN", "SSASRaportDinamikMultidimensional_ GRIDDABN\SSASRaportDinamikMultidimensional_ GRIDDABN.dwproj", "{67EAA874-1441-4620-92BD-4AE8DB410098}"
EndProject
Global
	GlobalSection(SolutionConfigurationPlatforms) = preSolution
		Development|Default = Development|Default
	EndGlobalSection
	GlobalSection(ProjectConfigurationPlatforms) = postSolution
		{67EAA874-1441-4620-92BD-4AE8DB410098}.Development|Default.ActiveCfg = Development
		{67EAA874-1441-4620-92BD-4AE8DB410098}.Development|Default.Build.0 = Development
		{67EAA874-1441-4620-92BD-4AE8DB410098}.Development|Default.Deploy.0 = Development
	EndGlobalSection
	GlobalSection(SolutionProperties) = preSolution
		HideSolutionNode = FALSE
	EndGlobalSection
	GlobalSection(ExtensibilityGlobals) = postSolution
		SolutionGuid = {52036A66-9621-4818-BCB5-FEECA94AA240}
	EndGlobalSection
EndGlobal
